// !$*UTF8*$!
{
	archiveVersion = 1;
	classes = {
	};
	objectVersion = 77;
	objects = {

/* Begin PBXBuildFile section */
		AB043E792EC4212600FAF796 /* FirebaseAnalytics in Frameworks */ = {isa = PBXBuildFile; productRef = AB043E782EC4212600FAF796 /* FirebaseAnalytics */; };
		AB043E7B2EC4212600FAF796 /* FirebaseAppCheck in Frameworks */ = {isa = PBXBuildFile; productRef = AB043E7A2EC4212600FAF796 /* FirebaseAppCheck */; };
		AB043E7D2EC4212600FAF796 /* FirebaseCore in Frameworks */ = {isa = PBXBuildFile; productRef = AB043E7C2EC4212600FAF796 /* FirebaseCore */; };
		AB043E7F2EC4212600FAF796 /* FirebaseCrashlytics in Frameworks */ = {isa = PBXBuildFile; productRef = AB043E7E2EC4212600FAF796 /* FirebaseCrashlytics */; };
		AB043E812EC4212600FAF796 /* FirebaseFunctions in Frameworks */ = {isa = PBXBuildFile; productRef = AB043E802EC4212600FAF796 /* FirebaseFunctions */; };
		AB76BD2D2EB9298900419E57 /* Lottie in Frameworks */ = {isa = PBXBuildFile; productRef = AB76BD2C2EB9298900419E57 /* Lottie */; };
		AB76C1C32EB9B06500419E57 /* Adapty in Frameworks */ = {isa = PBXBuildFile; productRef = AB76C1C22EB9B06500419E57 /* Adapty */; };
		AB76C74F2EBAFB6100419E57 /* SwipeActions in Frameworks */ = {isa = PBXBuildFile; productRef = AB76C74E2EBAFB6100419E57 /* SwipeActions */; };
		ABC95FB22EC7B96F00DF7127 /* FirebaseAuth in Frameworks */ = {isa = PBXBuildFile; productRef = ABC95FB12EC7B96F00DF7127 /* FirebaseAuth */; };
/* End PBXBuildFile section */

/* Begin PBXFileReference section */
		AB6285FB2EB8FA65008669A0 /* Sofa.app */ = {isa = PBXFileReference; explicitFileType = wrapper.application; includeInIndex = 0; path = Sofa.app; sourceTree = BUILT_PRODUCTS_DIR; };
/* End PBXFileReference section */

/* Begin PBXFileSystemSynchronizedBuildFileExceptionSet section */
		AB0440ED2EC4309000FAF796 /* Exceptions for "Sofa" folder in "Sofa" target */ = {
			isa = PBXFileSystemSynchronizedBuildFileExceptionSet;
			membershipExceptions = (
				Sources/Plists/Info.plist,
			);
			target = AB6285FA2EB8FA65008669A0 /* Sofa */;
		};
/* End PBXFileSystemSynchronizedBuildFileExceptionSet section */

/* Begin PBXFileSystemSynchronizedRootGroup section */
		AB6285FD2EB8FA65008669A0 /* Sofa */ = {
			isa = PBXFileSystemSynchronizedRootGroup;
			exceptions = (
				AB0440ED2EC4309000FAF796 /* Exceptions for "Sofa" folder in "Sofa" target */,
			);
			path = Sofa;
			sourceTree = "<group>";
		};
/* End PBXFileSystemSynchronizedRootGroup section */

/* Begin PBXFrameworksBuildPhase section */
		AB6285F82EB8FA65008669A0 /* Frameworks */ = {
			isa = PBXFrameworksBuildPhase;
			buildActionMask = 2147483647;
			files = (
				AB76BD2D2EB9298900419E57 /* Lottie in Frameworks */,
				AB76C74F2EBAFB6100419E57 /* SwipeActions in Frameworks */,
				AB043E792EC4212600FAF796 /* FirebaseAnalytics in Frameworks */,
				AB043E812EC4212600FAF796 /* FirebaseFunctions in Frameworks */,
				ABC95FB22EC7B96F00DF7127 /* FirebaseAuth in Frameworks */,
				AB043E7F2EC4212600FAF796 /* FirebaseCrashlytics in Frameworks */,
				AB043E7B2EC4212600FAF796 /* FirebaseAppCheck in Frameworks */,
				AB043E7D2EC4212600FAF796 /* FirebaseCore in Frameworks */,
				AB76C1C32EB9B06500419E57 /* Adapty in Frameworks */,
			);
			runOnlyForDeploymentPostprocessing = 0;
		};
/* End PBXFrameworksBuildPhase section */

/* Begin PBXGroup section */
		AB6285F22EB8FA65008669A0 = {
			isa = PBXGroup;
			children = (
				AB6285FD2EB8FA65008669A0 /* Sofa */,
				AB76C1C12EB9B06500419E57 /* Frameworks */,
				AB6285FC2EB8FA65008669A0 /* Products */,
			);
			sourceTree = "<group>";
		};
		AB6285FC2EB8FA65008669A0 /* Products */ = {
			isa = PBXGroup;
			children = (
				AB6285FB2EB8FA65008669A0 /* Sofa.app */,
			);
			name = Products;
			sourceTree = "<group>";
		};
		AB76C1C12EB9B06500419E57 /* Frameworks */ = {
			isa = PBXGroup;
			children = (
			);
			name = Frameworks;
			sourceTree = "<group>";
		};
/* End PBXGroup section */

/* Begin PBXNativeTarget section */
		AB6285FA2EB8FA65008669A0 /* Sofa */ = {
			isa = PBXNativeTarget;
			buildConfigurationList = AB6286062EB8FA68008669A0 /* Build configuration list for PBXNativeTarget "Sofa" */;
			buildPhases = (
				AB76B9792EB8FF3D00419E57 /* Run Swiftlint */,
				AB6285F72EB8FA65008669A0 /* Sources */,
				AB6285F82EB8FA65008669A0 /* Frameworks */,
				AB6285F92EB8FA65008669A0 /* Resources */,
				AB043E872EC422FF00FAF796 /* Upload dSYM to Firebase */,
			);
			buildRules = (
			);
			dependencies = (
			);
			fileSystemSynchronizedGroups = (
				AB6285FD2EB8FA65008669A0 /* Sofa */,
			);
			name = Sofa;
			packageProductDependencies = (
				AB76BD2C2EB9298900419E57 /* Lottie */,
				AB76C1C22EB9B06500419E57 /* Adapty */,
				AB76C74E2EBAFB6100419E57 /* SwipeActions */,
				AB043E782EC4212600FAF796 /* FirebaseAnalytics */,
				AB043E7A2EC4212600FAF796 /* FirebaseAppCheck */,
				AB043E7C2EC4212600FAF796 /* FirebaseCore */,
				AB043E7E2EC4212600FAF796 /* FirebaseCrashlytics */,
				AB043E802EC4212600FAF796 /* FirebaseFunctions */,
				ABC95FB12EC7B96F00DF7127 /* FirebaseAuth */,
			);
			productName = Sofa;
			productReference = AB6285FB2EB8FA65008669A0 /* Sofa.app */;
			productType = "com.apple.product-type.application";
		};
/* End PBXNativeTarget section */

/* Begin PBXProject section */
		AB6285F32EB8FA65008669A0 /* Project object */ = {
			isa = PBXProject;
			attributes = {
				BuildIndependentTargetsInParallel = 1;
				LastSwiftUpdateCheck = 2600;
				LastUpgradeCheck = 2600;
				TargetAttributes = {
					AB6285FA2EB8FA65008669A0 = {
						CreatedOnToolsVersion = 26.0.1;
					};
				};
			};
			buildConfigurationList = AB6285F62EB8FA65008669A0 /* Build configuration list for PBXProject "Sofa" */;
			developmentRegion = en;
			hasScannedForEncodings = 0;
			knownRegions = (
				en,
				Base,
				fr,
				de,
				it,
				"pt-BR",
				"pt-PT",
				"fr-CA",
				hi,
				ko,
				ja,
				ru,
				tr,
				es,
				"es-MX",
				id,
			);
			mainGroup = AB6285F22EB8FA65008669A0;
			minimizedProjectReferenceProxies = 1;
			packageReferences = (
				AB76B97A2EB8FFBE00419E57 /* XCRemoteSwiftPackageReference "SwiftLint" */,
				AB76BD2B2EB9298900419E57 /* XCRemoteSwiftPackageReference "lottie-ios" */,
				AB76C1C02EB9B04F00419E57 /* XCRemoteSwiftPackageReference "AdaptySDK-iOS" */,
				AB76C74D2EBAFB6100419E57 /* XCRemoteSwiftPackageReference "SwipeActions" */,
				AB043E772EC4212600FAF796 /* XCRemoteSwiftPackageReference "firebase-ios-sdk" */,
			);
			preferredProjectObjectVersion = 77;
			productRefGroup = AB6285FC2EB8FA65008669A0 /* Products */;
			projectDirPath = "";
			projectRoot = "";
			targets = (
				AB6285FA2EB8FA65008669A0 /* Sofa */,
			);
		};
/* End PBXProject section */

/* Begin PBXResourcesBuildPhase section */
		AB6285F92EB8FA65008669A0 /* Resources */ = {
			isa = PBXResourcesBuildPhase;
			buildActionMask = 2147483647;
			files = (
			);
			runOnlyForDeploymentPostprocessing = 0;
		};
/* End PBXResourcesBuildPhase section */

/* Begin PBXShellScriptBuildPhase section */
		AB043E872EC422FF00FAF796 /* Upload dSYM to Firebase */ = {
			isa = PBXShellScriptBuildPhase;
			alwaysOutOfDate = 1;
			buildActionMask = 2147483647;
			files = (
			);
			inputFileListPaths = (
			);
			inputPaths = (
				"${DWARF_DSYM_FOLDER_PATH}/${DWARF_DSYM_FILE_NAME}/Contents/Resources/DWARF/${TARGET_NAME}",
				"$(SRCROOT)/$(BUILT_PRODUCTS_DIR)/$(INFOPLIST_PATH)",
			);
			name = "Upload dSYM to Firebase";
			outputFileListPaths = (
			);
			outputPaths = (
			);
			runOnlyForDeploymentPostprocessing = 0;
			shellPath = /bin/sh;
			shellScript = "\"${BUILD_DIR%/Build/*}/SourcePackages/checkouts/firebase-ios-sdk/Crashlytics/run\"\n";
		};
		AB76B9792EB8FF3D00419E57 /* Run Swiftlint */ = {
			isa = PBXShellScriptBuildPhase;
			alwaysOutOfDate = 1;
			buildActionMask = 2147483647;
			files = (
			);
			inputFileListPaths = (
			);
			inputPaths = (
			);
			name = "Run Swiftlint";
			outputFileListPaths = (
			);
			outputPaths = (
			);
			runOnlyForDeploymentPostprocessing = 0;
			shellPath = /bin/sh;
			shellScript = "# Type a script or drag a script file from your workspace to insert its path.\nif [[ \"$(uname -m)\" == arm64 ]]\nthen\n    export PATH=\"/opt/homebrew/bin:$PATH\"\nfi\n\nif command -v swiftlint >/dev/null 2>&1\nthen\n    swiftlint\nelse\n    echo \"warning: `swiftlint` command not found - See https://github.com/realm/SwiftLint#installation for installation instructions.\"\nfi\n";
		};
/* End PBXShellScriptBuildPhase section */

/* Begin PBXSourcesBuildPhase section */
		AB6285F72EB8FA65008669A0 /* Sources */ = {
			isa = PBXSourcesBuildPhase;
			buildActionMask = 2147483647;
			files = (
			);
			runOnlyForDeploymentPostprocessing = 0;
		};
/* End PBXSourcesBuildPhase section */

/* Begin XCBuildConfiguration section */
		AB6286042EB8FA68008669A0 /* Debug */ = {
			isa = XCBuildConfiguration;
			buildSettings = {
				ALWAYS_SEARCH_USER_PATHS = NO;
				ASSETCATALOG_COMPILER_GENERATE_SWIFT_ASSET_SYMBOL_EXTENSIONS = YES;
				CLANG_ANALYZER_NONNULL = YES;
				CLANG_ANALYZER_NUMBER_OBJECT_CONVERSION = YES_AGGRESSIVE;
				CLANG_CXX_LANGUAGE_STANDARD = "gnu++20";
				CLANG_ENABLE_MODULES = YES;
				CLANG_ENABLE_OBJC_ARC = YES;
				CLANG_ENABLE_OBJC_WEAK = YES;
				CLANG_WARN_BLOCK_CAPTURE_AUTORELEASING = YES;
				CLANG_WARN_BOOL_CONVERSION = YES;
				CLANG_WARN_COMMA = YES;
				CLANG_WARN_CONSTANT_CONVERSION = YES;
				CLANG_WARN_DEPRECATED_OBJC_IMPLEMENTATIONS = YES;
				CLANG_WARN_DIRECT_OBJC_ISA_USAGE = YES_ERROR;
				CLANG_WARN_DOCUMENTATION_COMMENTS = YES;
				CLANG_WARN_EMPTY_BODY = YES;
				CLANG_WARN_ENUM_CONVERSION = YES;
				CLANG_WARN_INFINITE_RECURSION = YES;
				CLANG_WARN_INT_CONVERSION = YES;
				CLANG_WARN_NON_LITERAL_NULL_CONVERSION = YES;
				CLANG_WARN_OBJC_IMPLICIT_RETAIN_SELF = YES;
				CLANG_WARN_OBJC_LITERAL_CONVERSION = YES;
				CLANG_WARN_OBJC_ROOT_CLASS = YES_ERROR;
				CLANG_WARN_QUOTED_INCLUDE_IN_FRAMEWORK_HEADER = YES;
				CLANG_WARN_RANGE_LOOP_ANALYSIS = YES;
				CLANG_WARN_STRICT_PROTOTYPES = YES;
				CLANG_WARN_SUSPICIOUS_MOVE = YES;
				CLANG_WARN_UNGUARDED_AVAILABILITY = YES_AGGRESSIVE;
				CLANG_WARN_UNREACHABLE_CODE = YES;
				CLANG_WARN__DUPLICATE_METHOD_MATCH = YES;
				COPY_PHASE_STRIP = NO;
				DEBUG_INFORMATION_FORMAT = "dwarf-with-dsym";
				DEVELOPMENT_TEAM = CH3624D3KA;
				ENABLE_STRICT_OBJC_MSGSEND = YES;
				ENABLE_TESTABILITY = YES;
				ENABLE_USER_SCRIPT_SANDBOXING = NO;
				GCC_C_LANGUAGE_STANDARD = gnu17;
				GCC_DYNAMIC_NO_PIC = NO;
				GCC_NO_COMMON_BLOCKS = YES;
				GCC_OPTIMIZATION_LEVEL = 0;
				GCC_PREPROCESSOR_DEFINITIONS = (
					"DEBUG=1",
					"$(inherited)",
				);
				GCC_WARN_64_TO_32_BIT_CONVERSION = YES;
				GCC_WARN_ABOUT_RETURN_TYPE = YES_ERROR;
				GCC_WARN_UNDECLARED_SELECTOR = YES;
				GCC_WARN_UNINITIALIZED_AUTOS = YES_AGGRESSIVE;
				GCC_WARN_UNUSED_FUNCTION = YES;
				GCC_WARN_UNUSED_VARIABLE = YES;
				IPHONEOS_DEPLOYMENT_TARGET = 26.0;
				LOCALIZATION_PREFERS_STRING_CATALOGS = YES;
				MTL_ENABLE_DEBUG_INFO = INCLUDE_SOURCE;
				MTL_FAST_MATH = YES;
				ONLY_ACTIVE_ARCH = YES;
				SDKROOT = iphoneos;
				SWIFT_ACTIVE_COMPILATION_CONDITIONS = "DEBUG $(inherited)";
				SWIFT_EMIT_LOC_STRINGS = YES;
				SWIFT_OPTIMIZATION_LEVEL = "-Onone";
			};
			name = Debug;
		};
		AB6286052EB8FA68008669A0 /* Release */ = {
			isa = XCBuildConfiguration;
			buildSettings = {
				ALWAYS_SEARCH_USER_PATHS = NO;
				ASSETCATALOG_COMPILER_GENERATE_SWIFT_ASSET_SYMBOL_EXTENSIONS = YES;
				CLANG_ANALYZER_NONNULL = YES;
				CLANG_ANALYZER_NUMBER_OBJECT_CONVERSION = YES_AGGRESSIVE;
				CLANG_CXX_LANGUAGE_STANDARD = "gnu++20";
				CLANG_ENABLE_MODULES = YES;
				CLANG_ENABLE_OBJC_ARC = YES;
				CLANG_ENABLE_OBJC_WEAK = YES;
				CLANG_WARN_BLOCK_CAPTURE_AUTORELEASING = YES;
				CLANG_WARN_BOOL_CONVERSION = YES;
				CLANG_WARN_COMMA = YES;
				CLANG_WARN_CONSTANT_CONVERSION = YES;
				CLANG_WARN_DEPRECATED_OBJC_IMPLEMENTATIONS = YES;
				CLANG_WARN_DIRECT_OBJC_ISA_USAGE = YES_ERROR;
				CLANG_WARN_DOCUMENTATION_COMMENTS = YES;
				CLANG_WARN_EMPTY_BODY = YES;
				CLANG_WARN_ENUM_CONVERSION = YES;
				CLANG_WARN_INFINITE_RECURSION = YES;
				CLANG_WARN_INT_CONVERSION = YES;
				CLANG_WARN_NON_LITERAL_NULL_CONVERSION = YES;
				CLANG_WARN_OBJC_IMPLICIT_RETAIN_SELF = YES;
				CLANG_WARN_OBJC_LITERAL_CONVERSION = YES;
				CLANG_WARN_OBJC_ROOT_CLASS = YES_ERROR;
				CLANG_WARN_QUOTED_INCLUDE_IN_FRAMEWORK_HEADER = YES;
				CLANG_WARN_RANGE_LOOP_ANALYSIS = YES;
				CLANG_WARN_STRICT_PROTOTYPES = YES;
				CLANG_WARN_SUSPICIOUS_MOVE = YES;
				CLANG_WARN_UNGUARDED_AVAILABILITY = YES_AGGRESSIVE;
				CLANG_WARN_UNREACHABLE_CODE = YES;
				CLANG_WARN__DUPLICATE_METHOD_MATCH = YES;
				COPY_PHASE_STRIP = NO;
				DEBUG_INFORMATION_FORMAT = "dwarf-with-dsym";
				DEVELOPMENT_TEAM = CH3624D3KA;
				ENABLE_NS_ASSERTIONS = NO;
				ENABLE_STRICT_OBJC_MSGSEND = YES;
				ENABLE_USER_SCRIPT_SANDBOXING = NO;
				GCC_C_LANGUAGE_STANDARD = gnu17;
				GCC_NO_COMMON_BLOCKS = YES;
				GCC_WARN_64_TO_32_BIT_CONVERSION = YES;
				GCC_WARN_ABOUT_RETURN_TYPE = YES_ERROR;
				GCC_WARN_UNDECLARED_SELECTOR = YES;
				GCC_WARN_UNINITIALIZED_AUTOS = YES_AGGRESSIVE;
				GCC_WARN_UNUSED_FUNCTION = YES;
				GCC_WARN_UNUSED_VARIABLE = YES;
				IPHONEOS_DEPLOYMENT_TARGET = 26.0;
				LOCALIZATION_PREFERS_STRING_CATALOGS = YES;
				MTL_ENABLE_DEBUG_INFO = NO;
				MTL_FAST_MATH = YES;
				SDKROOT = iphoneos;
				SWIFT_COMPILATION_MODE = wholemodule;
				SWIFT_EMIT_LOC_STRINGS = YES;
				VALIDATE_PRODUCT = YES;
			};
			name = Release;
		};
		AB6286072EB8FA68008669A0 /* Debug */ = {
			isa = XCBuildConfiguration;
			buildSettings = {
				ASSETCATALOG_COMPILER_APPICON_NAME = AppIcon;
				ASSETCATALOG_COMPILER_GLOBAL_ACCENT_COLOR_NAME = AccentColor;
				CODE_SIGN_ENTITLEMENTS = Sofa/Sources/SupportingFiles/Sofa.entitlements;
				CODE_SIGN_STYLE = Automatic;
				CURRENT_PROJECT_VERSION = 1;
				DEVELOPMENT_TEAM = "";
				ENABLE_PREVIEWS = YES;
				GENERATE_INFOPLIST_FILE = YES;
				INFOPLIST_FILE = Sofa/Sources/Plists/Info.plist;
				INFOPLIST_KEY_UIApplicationSceneManifest_Generation = YES;
				INFOPLIST_KEY_UIApplicationSupportsIndirectInputEvents = YES;
				INFOPLIST_KEY_UILaunchStoryboardName = LaunchScreen.storyboard;
				INFOPLIST_KEY_UIStatusBarHidden = NO;
				INFOPLIST_KEY_UIStatusBarStyle = UIStatusBarStyleLightContent;
				INFOPLIST_KEY_UISupportedInterfaceOrientations = UIInterfaceOrientationPortrait;
				INFOPLIST_KEY_UISupportedInterfaceOrientations_iPad = "UIInterfaceOrientationPortrait UIInterfaceOrientationPortraitUpsideDown";
				IPHONEOS_DEPLOYMENT_TARGET = 17.0;
				LD_RUNPATH_SEARCH_PATHS = (
					"$(inherited)",
					"@executable_path/Frameworks",
				);
				MARKETING_VERSION = 1.0.1;
				PRODUCT_BUNDLE_IDENTIFIER = com.ajdar.ai.sofa;
				PRODUCT_NAME = "$(TARGET_NAME)";
				STRING_CATALOG_GENERATE_SYMBOLS = YES;
				SUPPORTED_PLATFORMS = "iphoneos iphonesimulator";
				SUPPORTS_MACCATALYST = NO;
				SWIFT_APPROACHABLE_CONCURRENCY = YES;
				SWIFT_DEFAULT_ACTOR_ISOLATION = MainActor;
				SWIFT_EMIT_LOC_STRINGS = YES;
				SWIFT_UPCOMING_FEATURE_MEMBER_IMPORT_VISIBILITY = YES;
				SWIFT_VERSION = 5.0;
				TARGETED_DEVICE_FAMILY = 1;
			};
			name = Debug;
		};
		AB6286082EB8FA68008669A0 /* Release */ = {
			isa = XCBuildConfiguration;
			buildSettings = {
				ASSETCATALOG_COMPILER_APPICON_NAME = AppIcon;
				ASSETCATALOG_COMPILER_GLOBAL_ACCENT_COLOR_NAME = AccentColor;
				CODE_SIGN_ENTITLEMENTS = Sofa/Sources/SupportingFiles/Sofa.entitlements;
				CODE_SIGN_STYLE = Automatic;
				CURRENT_PROJECT_VERSION = 1;
				DEVELOPMENT_TEAM = "";
				ENABLE_PREVIEWS = YES;
				GENERATE_INFOPLIST_FILE = YES;
				INFOPLIST_FILE = Sofa/Sources/Plists/Info.plist;
				INFOPLIST_KEY_UIApplicationSceneManifest_Generation = YES;
				INFOPLIST_KEY_UIApplicationSupportsIndirectInputEvents = YES;
				INFOPLIST_KEY_UILaunchStoryboardName = LaunchScreen.storyboard;
				INFOPLIST_KEY_UIStatusBarHidden = NO;
				INFOPLIST_KEY_UIStatusBarStyle = UIStatusBarStyleLightContent;
				INFOPLIST_KEY_UISupportedInterfaceOrientations = UIInterfaceOrientationPortrait;
				INFOPLIST_KEY_UISupportedInterfaceOrientations_iPad = "UIInterfaceOrientationPortrait UIInterfaceOrientationPortraitUpsideDown";
				IPHONEOS_DEPLOYMENT_TARGET = 17.0;
				LD_RUNPATH_SEARCH_PATHS = (
					"$(inherited)",
					"@executable_path/Frameworks",
				);
				MARKETING_VERSION = 1.0.1;
				PRODUCT_BUNDLE_IDENTIFIER = com.ajdar.ai.sofa;
				PRODUCT_NAME = "$(TARGET_NAME)";
				STRING_CATALOG_GENERATE_SYMBOLS = YES;
				SUPPORTED_PLATFORMS = "iphoneos iphonesimulator";
				SUPPORTS_MACCATALYST = NO;
				SWIFT_APPROACHABLE_CONCURRENCY = YES;
				SWIFT_DEFAULT_ACTOR_ISOLATION = MainActor;
				SWIFT_EMIT_LOC_STRINGS = YES;
				SWIFT_UPCOMING_FEATURE_MEMBER_IMPORT_VISIBILITY = YES;
				SWIFT_VERSION = 5.0;
				TARGETED_DEVICE_FAMILY = 1;
			};
			name = Release;
		};
/* End XCBuildConfiguration section */

/* Begin XCConfigurationList section */
		AB6285F62EB8FA65008669A0 /* Build configuration list for PBXProject "Sofa" */ = {
			isa = XCConfigurationList;
			buildConfigurations = (
				AB6286042EB8FA68008669A0 /* Debug */,
				AB6286052EB8FA68008669A0 /* Release */,
			);
			defaultConfigurationIsVisible = 0;
			defaultConfigurationName = Release;
		};
		AB6286062EB8FA68008669A0 /* Build configuration list for PBXNativeTarget "Sofa" */ = {
			isa = XCConfigurationList;
			buildConfigurations = (
				AB6286072EB8FA68008669A0 /* Debug */,
				AB6286082EB8FA68008669A0 /* Release */,
			);
			defaultConfigurationIsVisible = 0;
			defaultConfigurationName = Release;
		};
/* End XCConfigurationList section */

/* Begin XCRemoteSwiftPackageReference section */
		AB043E772EC4212600FAF796 /* XCRemoteSwiftPackageReference "firebase-ios-sdk" */ = {
			isa = XCRemoteSwiftPackageReference;
			repositoryURL = "https://github.com/firebase/firebase-ios-sdk";
			requirement = {
				kind = upToNextMinorVersion;
				minimumVersion = 12.5.0;
			};
		};
		AB76B97A2EB8FFBE00419E57 /* XCRemoteSwiftPackageReference "SwiftLint" */ = {
			isa = XCRemoteSwiftPackageReference;
			repositoryURL = "https://github.com/realm/SwiftLint";
			requirement = {
				kind = upToNextMinorVersion;
				minimumVersion = 0.62.2;
			};
		};
		AB76BD2B2EB9298900419E57 /* XCRemoteSwiftPackageReference "lottie-ios" */ = {
			isa = XCRemoteSwiftPackageReference;
			repositoryURL = "https://github.com/airbnb/lottie-ios";
			requirement = {
				kind = upToNextMinorVersion;
				minimumVersion = 4.5.2;
			};
		};
		AB76C1C02EB9B04F00419E57 /* XCRemoteSwiftPackageReference "AdaptySDK-iOS" */ = {
			isa = XCRemoteSwiftPackageReference;
			repositoryURL = "https://github.com/adaptyteam/AdaptySDK-iOS.git";
			requirement = {
				kind = upToNextMinorVersion;
				minimumVersion = 3.12.0;
			};
		};
		AB76C74D2EBAFB6100419E57 /* XCRemoteSwiftPackageReference "SwipeActions" */ = {
			isa = XCRemoteSwiftPackageReference;
			repositoryURL = "https://github.com/c-villain/SwipeActions";
			requirement = {
				kind = upToNextMinorVersion;
				minimumVersion = 0.4.1;
			};
		};
/* End XCRemoteSwiftPackageReference section */

/* Begin XCSwiftPackageProductDependency section */
		AB043E782EC4212600FAF796 /* FirebaseAnalytics */ = {
			isa = XCSwiftPackageProductDependency;
			package = AB043E772EC4212600FAF796 /* XCRemoteSwiftPackageReference "firebase-ios-sdk" */;
			productName = FirebaseAnalytics;
		};
		AB043E7A2EC4212600FAF796 /* FirebaseAppCheck */ = {
			isa = XCSwiftPackageProductDependency;
			package = AB043E772EC4212600FAF796 /* XCRemoteSwiftPackageReference "firebase-ios-sdk" */;
			productName = FirebaseAppCheck;
		};
		AB043E7C2EC4212600FAF796 /* FirebaseCore */ = {
			isa = XCSwiftPackageProductDependency;
			package = AB043E772EC4212600FAF796 /* XCRemoteSwiftPackageReference "firebase-ios-sdk" */;
			productName = FirebaseCore;
		};
		AB043E7E2EC4212600FAF796 /* FirebaseCrashlytics */ = {
			isa = XCSwiftPackageProductDependency;
			package = AB043E772EC4212600FAF796 /* XCRemoteSwiftPackageReference "firebase-ios-sdk" */;
			productName = FirebaseCrashlytics;
		};
		AB043E802EC4212600FAF796 /* FirebaseFunctions */ = {
			isa = XCSwiftPackageProductDependency;
			package = AB043E772EC4212600FAF796 /* XCRemoteSwiftPackageReference "firebase-ios-sdk" */;
			productName = FirebaseFunctions;
		};
		AB76BD2C2EB9298900419E57 /* Lottie */ = {
			isa = XCSwiftPackageProductDependency;
			package = AB76BD2B2EB9298900419E57 /* XCRemoteSwiftPackageReference "lottie-ios" */;
			productName = Lottie;
		};
		AB76C1C22EB9B06500419E57 /* Adapty */ = {
			isa = XCSwiftPackageProductDependency;
			package = AB76C1C02EB9B04F00419E57 /* XCRemoteSwiftPackageReference "AdaptySDK-iOS" */;
			productName = Adapty;
		};
		AB76C74E2EBAFB6100419E57 /* SwipeActions */ = {
			isa = XCSwiftPackageProductDependency;
			package = AB76C74D2EBAFB6100419E57 /* XCRemoteSwiftPackageReference "SwipeActions" */;
			productName = SwipeActions;
		};
		ABC95FB12EC7B96F00DF7127 /* FirebaseAuth */ = {
			isa = XCSwiftPackageProductDependency;
			package = AB043E772EC4212600FAF796 /* XCRemoteSwiftPackageReference "firebase-ios-sdk" */;
			productName = FirebaseAuth;
		};
/* End XCSwiftPackageProductDependency section */
	};
	rootObject = AB6285F32EB8FA65008669A0 /* Project object */;
}
